{
	"name": "dasheng-cli",
	"version": "0.0.1",
	"lockfileVersion": 1,
	"requires": true,
	"dependencies": {
		"@types/color-name": {
			"version": "1.1.1",
			"resolved": "https://registry.npm.taobao.org/@types/color-name/download/@types/color-name-1.1.1.tgz",
			"integrity": "sha1-HBJhu+qhCoBVu8XYq4S3sq/IRqA=",
			"dev": true
		},
		"@types/cross-spawn": {
			"version": "6.0.2",
			"resolved": "https://registry.npm.taobao.org/@types/cross-spawn/download/@types/cross-spawn-6.0.2.tgz",
			"integrity": "sha1-FoMJ3jEc0woriucg3mR1wvvzOsc=",
			"dev": true,
			"requires": {
				"@types/node": "*"
			}
		},
		"@types/node": {
			"version": "14.0.5",
			"resolved": "https://registry.npm.taobao.org/@types/node/download/@types/node-14.0.5.tgz?cache=0&sync_timestamp=1590092201933&other_urls=https%3A%2F%2Fregistry.npm.taobao.org%2F%40types%2Fnode%2Fdownload%2F%40types%2Fnode-14.0.5.tgz",
			"integrity": "sha1-PQOs07NBTPZ/r5ma7RFoLtEh8is=",
			"dev": true
		},
		"@types/validate-npm-package-name": {
			"version": "3.0.0",
			"resolved": "https://registry.npm.taobao.org/@types/validate-npm-package-name/download/@types/validate-npm-package-name-3.0.0.tgz",
			"integrity": "sha1-C8g1rcfW9Bz5alm1kf6GmUaPb6s=",
			"dev": true
		},
		"ansi-styles": {
			"version": "4.2.1",
			"resolved": "https://registry.npm.taobao.org/ansi-styles/download/ansi-styles-4.2.1.tgz",
			"integrity": "sha1-kK51xCTQCNJiTFvynq0xd+v881k=",
			"dev": true,
			"requires": {
				"@types/color-name": "^1.1.1",
				"color-convert": "^2.0.1"
			}
		},
		"at-least-node": {
			"version": "1.0.0",
			"resolved": "https://registry.npm.taobao.org/at-least-node/download/at-least-node-1.0.0.tgz",
			"integrity": "sha1-YCzUtG6EStTv/JKoARo8RuAjjcI=",
			"dev": true
		},
		"builtins": {
			"version": "1.0.3",
			"resolved": "https://registry.npm.taobao.org/builtins/download/builtins-1.0.3.tgz",
			"integrity": "sha1-y5T662HIaWRR2zZTThQi+U8K7og=",
			"dev": true
		},
		"chalk": {
			"version": "4.0.0",
			"resolved": "https://registry.npm.taobao.org/chalk/download/chalk-4.0.0.tgz",
			"integrity": "sha1-bpgIHtLRf6q2FetSrGbsH+YgnnI=",
			"dev": true,
			"requires": {
				"ansi-styles": "^4.1.0",
				"supports-color": "^7.1.0"
			}
		},
		"color-convert": {
			"version": "2.0.1",
			"resolved": "https://registry.npm.taobao.org/color-convert/download/color-convert-2.0.1.tgz",
			"integrity": "sha1-ctOmjVmMm9s68q0ehPIdiWq9TeM=",
			"dev": true,
			"requires": {
				"color-name": "~1.1.4"
			}
		},
		"color-name": {
			"version": "1.1.4",
			"resolved": "https://registry.npm.taobao.org/color-name/download/color-name-1.1.4.tgz",
			"integrity": "sha1-wqCah6y95pVD3m9j+jmVyCbFNqI=",
			"dev": true
		},
		"commander": {
			"version": "5.1.0",
			"resolved": "https://registry.npm.taobao.org/commander/download/commander-5.1.0.tgz",
			"integrity": "sha1-Rqu9FlL44Fm92u+Zu9yyrZzxea4=",
			"dev": true
		},
		"cross-spawn": {
			"version": "7.0.3",
			"resolved": "https://registry.npm.taobao.org/cross-spawn/download/cross-spawn-7.0.3.tgz?cache=0&sync_timestamp=1590421014780&other_urls=https%3A%2F%2Fregistry.npm.taobao.org%2Fcross-spawn%2Fdownload%2Fcross-spawn-7.0.3.tgz",
			"integrity": "sha1-9zqFudXUHQRVUcF34ogtSshXKKY=",
			"dev": true,
			"requires": {
				"path-key": "^3.1.0",
				"shebang-command": "^2.0.0",
				"which": "^2.0.1"
			}
		},
		"fs-extra": {
			"version": "9.0.0",
			"resolved": "https://registry.npm.taobao.org/fs-extra/download/fs-extra-9.0.0.tgz?cache=0&sync_timestamp=1584632194837&other_urls=https%3A%2F%2Fregistry.npm.taobao.org%2Ffs-extra%2Fdownload%2Ffs-extra-9.0.0.tgz",
			"integrity": "sha1-tq/DEDbiR7JGbcmcKa55fV1FgKM=",
			"dev": true,
			"requires": {
				"at-least-node": "^1.0.0",
				"graceful-fs": "^4.2.0",
				"jsonfile": "^6.0.1",
				"universalify": "^1.0.0"
			}
		},
		"graceful-fs": {
			"version": "4.2.4",
			"resolved": "https://registry.npm.taobao.org/graceful-fs/download/graceful-fs-4.2.4.tgz?cache=0&sync_timestamp=1588086924019&other_urls=https%3A%2F%2Fregistry.npm.taobao.org%2Fgraceful-fs%2Fdownload%2Fgraceful-fs-4.2.4.tgz",
			"integrity": "sha1-Ila94U02MpWMRl68ltxGfKB6Kfs=",
			"dev": true
		},
		"has-flag": {
			"version": "4.0.0",
			"resolved": "https://registry.npm.taobao.org/has-flag/download/has-flag-4.0.0.tgz",
			"integrity": "sha1-lEdx/ZyByBJlxNaUGGDaBrtZR5s=",
			"dev": true
		},
		"isexe": {
			"version": "2.0.0",
			"resolved": "https://registry.npm.taobao.org/isexe/download/isexe-2.0.0.tgz",
			"integrity": "sha1-6PvzdNxVb/iUehDcsFctYz8s+hA=",
			"dev": true
		},
		"jsonfile": {
			"version": "6.0.1",
			"resolved": "https://registry.npm.taobao.org/jsonfile/download/jsonfile-6.0.1.tgz?cache=0&sync_timestamp=1583593905130&other_urls=https%3A%2F%2Fregistry.npm.taobao.org%2Fjsonfile%2Fdownload%2Fjsonfile-6.0.1.tgz",
			"integrity": "sha1-mJZsuiFDeMjIS4LghZB7QL9hQXk=",
			"dev": true,
			"requires": {
				"graceful-fs": "^4.1.6",
				"universalify": "^1.0.0"
			}
		},
		"path-key": {
			"version": "3.1.1",
			"resolved": "https://registry.npm.taobao.org/path-key/download/path-key-3.1.1.tgz",
			"integrity": "sha1-WB9q3mWMu6ZaDTOA3ndTKVBU83U=",
			"dev": true
		},
		"shebang-command": {
			"version": "2.0.0",
			"resolved": "https://registry.npm.taobao.org/shebang-command/download/shebang-command-2.0.0.tgz",
			"integrity": "sha1-zNCvT4g1+9wmW4JGGq8MNmY/NOo=",
			"dev": true,
			"requires": {
				"shebang-regex": "^3.0.0"
			}
		},
		"shebang-regex": {
			"version": "3.0.0",
			"resolved": "https://registry.npm.taobao.org/shebang-regex/download/shebang-regex-3.0.0.tgz",
			"integrity": "sha1-rhbxZE2HPsrYQ7AwexQzYtTEIXI=",
			"dev": true
		},
		"supports-color": {
			"version": "7.1.0",
			"resolved": "https://registry.npm.taobao.org/supports-color/download/supports-color-7.1.0.tgz",
			"integrity": "sha1-aOMlkd9z4lrRxLSRCKLsUHliv9E=",
			"dev": true,
			"requires": {
				"has-flag": "^4.0.0"
			}
		},
		"typescript": {
			"version": "3.9.3",
			"resolved": "https://registry.npm.taobao.org/typescript/download/typescript-3.9.3.tgz",
			"integrity": "sha1-06yIg6l8JhOeQt9ek+7s4z1hC4o=",
			"dev": true
		},
		"universalify": {
			"version": "1.0.0",
			"resolved": "https://registry.npm.taobao.org/universalify/download/universalify-1.0.0.tgz",
			"integrity": "sha1-thodoXPoQ1sv48Z9Kbmt+FlL0W0=",
			"dev": true
		},
		"validate-npm-package-name": {
			"version": "3.0.0",
			"resolved": "https://registry.npm.taobao.org/validate-npm-package-name/download/validate-npm-package-name-3.0.0.tgz",
			"integrity": "sha1-X6kS2B630MdK/BQN5zF/DKffQ34=",
			"dev": true,
			"requires": {
				"builtins": "^1.0.3"
			}
		},
		"which": {
			"version": "2.0.2",
			"resolved": "https://registry.npm.taobao.org/which/download/which-2.0.2.tgz",
			"integrity": "sha1-fGqN0KY2oDJ+ELWckobu6T8/UbE=",
			"dev": true,
			"requires": {
				"isexe": "^2.0.0"
			}
		}
	}
}
