{
	"name": "dasheng-loader",
	"version": "0.0.1",
	"lockfileVersion": 1,
	"requires": true,
	"dependencies": {
		"@types/json-schema": {
			"version": "7.0.4",
			"resolved": "https://registry.npm.taobao.org/@types/json-schema/download/@types/json-schema-7.0.4.tgz?cache=0&other_urls=https%3A%2F%2Fregistry.npm.taobao.org%2F%40types%2Fjson-schema%2Fdownload%2F%40types%2Fjson-schema-7.0.4.tgz",
			"integrity": "sha1-OP1z3f2bVaux4bLtV4y1W9e30zk=",
			"dev": true
		},
		"@types/prop-types": {
			"version": "15.7.3",
			"resolved": "https://registry.npm.taobao.org/@types/prop-types/download/@types/prop-types-15.7.3.tgz?cache=0&sync_timestamp=1588201821986&other_urls=https%3A%2F%2Fregistry.npm.taobao.org%2F%40types%2Fprop-types%2Fdownload%2F%40types%2Fprop-types-15.7.3.tgz",
			"integrity": "sha1-KrDV2i5YFflLC51LldHl8kOrLKc=",
			"dev": true
		},
		"@types/react": {
			"version": "16.9.35",
			"resolved": "https://registry.npm.taobao.org/@types/react/download/@types/react-16.9.35.tgz?cache=0&sync_timestamp=1589160578767&other_urls=https%3A%2F%2Fregistry.npm.taobao.org%2F%40types%2Freact%2Fdownload%2F%40types%2Freact-16.9.35.tgz",
			"integrity": "sha1-oIMNFy6Krdm9QXCboigaMSS702g=",
			"dev": true,
			"requires": {
				"@types/prop-types": "*",
				"csstype": "^2.2.0"
			}
		},
		"ajv": {
			"version": "6.12.2",
			"resolved": "https://registry.npm.taobao.org/ajv/download/ajv-6.12.2.tgz?cache=0&sync_timestamp=1587338460514&other_urls=https%3A%2F%2Fregistry.npm.taobao.org%2Fajv%2Fdownload%2Fajv-6.12.2.tgz",
			"integrity": "sha1-xinF7O0XuvMUQ3kY0tqIyZ1ZWM0=",
			"dev": true,
			"requires": {
				"fast-deep-equal": "^3.1.1",
				"fast-json-stable-stringify": "^2.0.0",
				"json-schema-traverse": "^0.4.1",
				"uri-js": "^4.2.2"
			}
		},
		"ajv-keywords": {
			"version": "3.4.1",
			"resolved": "https://registry.npm.taobao.org/ajv-keywords/download/ajv-keywords-3.4.1.tgz",
			"integrity": "sha1-75FuJxxkrBIXH9g4TqrmsjRYVNo=",
			"dev": true
		},
		"babel-loader": {
			"version": "8.1.0",
			"resolved": "https://registry.npm.taobao.org/babel-loader/download/babel-loader-8.1.0.tgz?cache=0&sync_timestamp=1584715955375&other_urls=https%3A%2F%2Fregistry.npm.taobao.org%2Fbabel-loader%2Fdownload%2Fbabel-loader-8.1.0.tgz",
			"integrity": "sha1-xhHVESvVIJq+i5+oTD5NolJ18cM=",
			"dev": true,
			"requires": {
				"find-cache-dir": "^2.1.0",
				"loader-utils": "^1.4.0",
				"mkdirp": "^0.5.3",
				"pify": "^4.0.1",
				"schema-utils": "^2.6.5"
			}
		},
		"big.js": {
			"version": "5.2.2",
			"resolved": "https://registry.npm.taobao.org/big.js/download/big.js-5.2.2.tgz",
			"integrity": "sha1-ZfCvOC9Xi83HQr2cKB6cstd2gyg=",
			"dev": true
		},
		"commondir": {
			"version": "1.0.1",
			"resolved": "https://registry.npm.taobao.org/commondir/download/commondir-1.0.1.tgz",
			"integrity": "sha1-3dgA2gxmEnOTzKWVDqloo6rxJTs=",
			"dev": true
		},
		"csstype": {
			"version": "2.6.10",
			"resolved": "https://registry.npm.taobao.org/csstype/download/csstype-2.6.10.tgz?cache=0&sync_timestamp=1586935655811&other_urls=https%3A%2F%2Fregistry.npm.taobao.org%2Fcsstype%2Fdownload%2Fcsstype-2.6.10.tgz",
			"integrity": "sha1-5jr1DmbXwmbttrMpCc/Qqr4Dkos=",
			"dev": true
		},
		"emojis-list": {
			"version": "3.0.0",
			"resolved": "https://registry.npm.taobao.org/emojis-list/download/emojis-list-3.0.0.tgz",
			"integrity": "sha1-VXBmIEatKeLpFucariYKvf9Pang=",
			"dev": true
		},
		"fast-deep-equal": {
			"version": "3.1.1",
			"resolved": "https://registry.npm.taobao.org/fast-deep-equal/download/fast-deep-equal-3.1.1.tgz",
			"integrity": "sha1-VFFFB3xQFJHjOxXsQIwpQ3bpSuQ=",
			"dev": true
		},
		"fast-json-stable-stringify": {
			"version": "2.1.0",
			"resolved": "https://registry.npm.taobao.org/fast-json-stable-stringify/download/fast-json-stable-stringify-2.1.0.tgz",
			"integrity": "sha1-h0v2nG9ATCtdmcSBNBOZ/VWJJjM=",
			"dev": true
		},
		"find-cache-dir": {
			"version": "2.1.0",
			"resolved": "https://registry.npm.taobao.org/find-cache-dir/download/find-cache-dir-2.1.0.tgz?cache=0&sync_timestamp=1583734687174&other_urls=https%3A%2F%2Fregistry.npm.taobao.org%2Ffind-cache-dir%2Fdownload%2Ffind-cache-dir-2.1.0.tgz",
			"integrity": "sha1-jQ+UzRP+Q8bHwmGg2GEVypGMBfc=",
			"dev": true,
			"requires": {
				"commondir": "^1.0.1",
				"make-dir": "^2.0.0",
				"pkg-dir": "^3.0.0"
			}
		},
		"find-up": {
			"version": "3.0.0",
			"resolved": "https://registry.npm.taobao.org/find-up/download/find-up-3.0.0.tgz",
			"integrity": "sha1-SRafHXmTQwZG2mHsxa41XCHJe3M=",
			"dev": true,
			"requires": {
				"locate-path": "^3.0.0"
			}
		},
		"js-tokens": {
			"version": "4.0.0",
			"resolved": "https://registry.npm.taobao.org/js-tokens/download/js-tokens-4.0.0.tgz",
			"integrity": "sha1-GSA/tZmR35jjoocFDUZHzerzJJk=",
			"dev": true
		},
		"json-schema-traverse": {
			"version": "0.4.1",
			"resolved": "https://registry.npm.taobao.org/json-schema-traverse/download/json-schema-traverse-0.4.1.tgz",
			"integrity": "sha1-afaofZUTq4u4/mO9sJecRI5oRmA=",
			"dev": true
		},
		"json5": {
			"version": "1.0.1",
			"resolved": "https://registry.npm.taobao.org/json5/download/json5-1.0.1.tgz",
			"integrity": "sha1-d5+wAYYE+oVOrL9iUhgNg1Q+Pb4=",
			"dev": true,
			"requires": {
				"minimist": "^1.2.0"
			}
		},
		"loader-utils": {
			"version": "1.4.0",
			"resolved": "https://registry.npm.taobao.org/loader-utils/download/loader-utils-1.4.0.tgz?cache=0&sync_timestamp=1584445172927&other_urls=https%3A%2F%2Fregistry.npm.taobao.org%2Floader-utils%2Fdownload%2Floader-utils-1.4.0.tgz",
			"integrity": "sha1-xXm140yzSxp07cbB+za/o3HVphM=",
			"dev": true,
			"requires": {
				"big.js": "^5.2.2",
				"emojis-list": "^3.0.0",
				"json5": "^1.0.1"
			}
		},
		"locate-path": {
			"version": "3.0.0",
			"resolved": "https://registry.npm.taobao.org/locate-path/download/locate-path-3.0.0.tgz",
			"integrity": "sha1-2+w7OrdZdYBxtY/ln8QYca8hQA4=",
			"dev": true,
			"requires": {
				"p-locate": "^3.0.0",
				"path-exists": "^3.0.0"
			}
		},
		"loose-envify": {
			"version": "1.4.0",
			"resolved": "https://registry.npm.taobao.org/loose-envify/download/loose-envify-1.4.0.tgz",
			"integrity": "sha1-ce5R+nvkyuwaY4OffmgtgTLTDK8=",
			"dev": true,
			"requires": {
				"js-tokens": "^3.0.0 || ^4.0.0"
			}
		},
		"make-dir": {
			"version": "2.1.0",
			"resolved": "https://registry.npm.taobao.org/make-dir/download/make-dir-2.1.0.tgz?cache=0&sync_timestamp=1587567693680&other_urls=https%3A%2F%2Fregistry.npm.taobao.org%2Fmake-dir%2Fdownload%2Fmake-dir-2.1.0.tgz",
			"integrity": "sha1-XwMQ4YuL6JjMBwCSlaMK5B6R5vU=",
			"dev": true,
			"requires": {
				"pify": "^4.0.1",
				"semver": "^5.6.0"
			}
		},
		"minimist": {
			"version": "1.2.5",
			"resolved": "https://registry.npm.taobao.org/minimist/download/minimist-1.2.5.tgz",
			"integrity": "sha1-Z9ZgFLZqaoqqDAg8X9WN9OTpdgI=",
			"dev": true
		},
		"mkdirp": {
			"version": "0.5.5",
			"resolved": "https://registry.npm.taobao.org/mkdirp/download/mkdirp-0.5.5.tgz?cache=0&sync_timestamp=1587535418745&other_urls=https%3A%2F%2Fregistry.npm.taobao.org%2Fmkdirp%2Fdownload%2Fmkdirp-0.5.5.tgz",
			"integrity": "sha1-2Rzv1i0UNsoPQWIOJRKI1CAJne8=",
			"dev": true,
			"requires": {
				"minimist": "^1.2.5"
			}
		},
		"object-assign": {
			"version": "4.1.1",
			"resolved": "https://registry.npm.taobao.org/object-assign/download/object-assign-4.1.1.tgz",
			"integrity": "sha1-IQmtx5ZYh8/AXLvUQsrIv7s2CGM=",
			"dev": true
		},
		"p-limit": {
			"version": "2.3.0",
			"resolved": "https://registry.npm.taobao.org/p-limit/download/p-limit-2.3.0.tgz?cache=0&sync_timestamp=1586101408834&other_urls=https%3A%2F%2Fregistry.npm.taobao.org%2Fp-limit%2Fdownload%2Fp-limit-2.3.0.tgz",
			"integrity": "sha1-PdM8ZHohT9//2DWTPrCG2g3CHbE=",
			"dev": true,
			"requires": {
				"p-try": "^2.0.0"
			}
		},
		"p-locate": {
			"version": "3.0.0",
			"resolved": "https://registry.npm.taobao.org/p-locate/download/p-locate-3.0.0.tgz",
			"integrity": "sha1-Mi1poFwCZLJZl9n0DNiokasAZKQ=",
			"dev": true,
			"requires": {
				"p-limit": "^2.0.0"
			}
		},
		"p-try": {
			"version": "2.2.0",
			"resolved": "https://registry.npm.taobao.org/p-try/download/p-try-2.2.0.tgz",
			"integrity": "sha1-yyhoVA4xPWHeWPr741zpAE1VQOY=",
			"dev": true
		},
		"path-exists": {
			"version": "3.0.0",
			"resolved": "https://registry.npm.taobao.org/path-exists/download/path-exists-3.0.0.tgz",
			"integrity": "sha1-zg6+ql94yxiSXqfYENe1mwEP1RU=",
			"dev": true
		},
		"pify": {
			"version": "4.0.1",
			"resolved": "https://registry.npm.taobao.org/pify/download/pify-4.0.1.tgz?cache=0&sync_timestamp=1581697613983&other_urls=https%3A%2F%2Fregistry.npm.taobao.org%2Fpify%2Fdownload%2Fpify-4.0.1.tgz",
			"integrity": "sha1-SyzSXFDVmHNcUCkiJP2MbfQeMjE=",
			"dev": true
		},
		"pkg-dir": {
			"version": "3.0.0",
			"resolved": "https://registry.npm.taobao.org/pkg-dir/download/pkg-dir-3.0.0.tgz",
			"integrity": "sha1-J0kCDyOe2ZCIGx9xIQ1R62UjvqM=",
			"dev": true,
			"requires": {
				"find-up": "^3.0.0"
			}
		},
		"prop-types": {
			"version": "15.7.2",
			"resolved": "https://registry.npm.taobao.org/prop-types/download/prop-types-15.7.2.tgz?cache=0&sync_timestamp=1580303049679&other_urls=https%3A%2F%2Fregistry.npm.taobao.org%2Fprop-types%2Fdownload%2Fprop-types-15.7.2.tgz",
			"integrity": "sha1-UsQedbjIfnK52TYOAga5ncv/psU=",
			"dev": true,
			"requires": {
				"loose-envify": "^1.4.0",
				"object-assign": "^4.1.1",
				"react-is": "^16.8.1"
			}
		},
		"punycode": {
			"version": "2.1.1",
			"resolved": "https://registry.npm.taobao.org/punycode/download/punycode-2.1.1.tgz",
			"integrity": "sha1-tYsBCsQMIsVldhbI0sLALHv0eew=",
			"dev": true
		},
		"react": {
			"version": "16.13.1",
			"resolved": "https://registry.npm.taobao.org/react/download/react-16.13.1.tgz",
			"integrity": "sha1-LoGIIvGpdDEiwGPWQQ2FweOv5I4=",
			"dev": true,
			"requires": {
				"loose-envify": "^1.1.0",
				"object-assign": "^4.1.1",
				"prop-types": "^15.6.2"
			}
		},
		"react-dom": {
			"version": "16.13.1",
			"resolved": "https://registry.npm.taobao.org/react-dom/download/react-dom-16.13.1.tgz",
			"integrity": "sha1-wb03MxoEhsB47lTEdAcgmTsuDn8=",
			"dev": true,
			"requires": {
				"loose-envify": "^1.1.0",
				"object-assign": "^4.1.1",
				"prop-types": "^15.6.2",
				"scheduler": "^0.19.1"
			}
		},
		"react-is": {
			"version": "16.13.1",
			"resolved": "https://registry.npm.taobao.org/react-is/download/react-is-16.13.1.tgz",
			"integrity": "sha1-eJcppNw23imZ3BVt1sHZwYzqVqQ=",
			"dev": true
		},
		"scheduler": {
			"version": "0.19.1",
			"resolved": "https://registry.npm.taobao.org/scheduler/download/scheduler-0.19.1.tgz?cache=0&sync_timestamp=1588782816669&other_urls=https%3A%2F%2Fregistry.npm.taobao.org%2Fscheduler%2Fdownload%2Fscheduler-0.19.1.tgz",
			"integrity": "sha1-Tz4u0sGn1laB9MhU+oxaHMtA8ZY=",
			"dev": true,
			"requires": {
				"loose-envify": "^1.1.0",
				"object-assign": "^4.1.1"
			}
		},
		"schema-utils": {
			"version": "2.7.0",
			"resolved": "https://registry.npm.taobao.org/schema-utils/download/schema-utils-2.7.0.tgz",
			"integrity": "sha1-FxUfdtjq5n+793lgwzxnatn078c=",
			"dev": true,
			"requires": {
				"@types/json-schema": "^7.0.4",
				"ajv": "^6.12.2",
				"ajv-keywords": "^3.4.1"
			}
		},
		"semver": {
			"version": "5.7.1",
			"resolved": "https://registry.npm.taobao.org/semver/download/semver-5.7.1.tgz?cache=0&sync_timestamp=1586886301819&other_urls=https%3A%2F%2Fregistry.npm.taobao.org%2Fsemver%2Fdownload%2Fsemver-5.7.1.tgz",
			"integrity": "sha1-qVT5Ma66UI0we78Gnv8MAclhFvc=",
			"dev": true
		},
		"uri-js": {
			"version": "4.2.2",
			"resolved": "https://registry.npm.taobao.org/uri-js/download/uri-js-4.2.2.tgz",
			"integrity": "sha1-lMVA4f93KVbiKZUHwBCupsiDjrA=",
			"dev": true,
			"requires": {
				"punycode": "^2.1.0"
			}
		}
	}
}
